
Microsoft Visual Studio Solution File, Format Version 12.00
# Visual Studio Version 16
VisualStudioVersion = 16.0.31829.152
MinimumVisualStudioVersion = 10.0.40219.1
Project("{FAE04EC0-301F-11D3-BF4B-00C04F79EFBC}") = "OOPSconcept", "OOPSconcept\OOPSconcept.csproj", "{96B3167F-87D8-4E90-A1CA-8140C9ABE46C}"
EndProject
Global
	GlobalSection(SolutionConfigurationPlatforms) = preSolution
		Debug|Any CPU = Debug|Any CPU
		Release|Any CPU = Release|Any CPU
	EndGlobalSection
	GlobalSection(ProjectConfigurationPlatforms) = postSolution
		{96B3167F-87D8-4E90-A1CA-8140C9ABE46C}.Debug|Any CPU.ActiveCfg = Debug|Any CPU
		{96B3167F-87D8-4E90-A1CA-8140C9ABE46C}.Debug|Any CPU.Build.0 = Debug|Any CPU
		{96B3167F-87D8-4E90-A1CA-8140C9ABE46C}.Release|Any CPU.ActiveCfg = Release|Any CPU
		{96B3167F-87D8-4E90-A1CA-8140C9ABE46C}.Release|Any CPU.Build.0 = Release|Any CPU
	EndGlobalSection
	GlobalSection(SolutionProperties) = preSolution
		HideSolutionNode = FALSE
	EndGlobalSection
	GlobalSection(ExtensibilityGlobals) = postSolution
		SolutionGuid = {86748C75-4590-44E7-B9B9-8D0CF49CA196}
	EndGlobalSection
EndGlobal
